
Microsoft Visual Studio Solution File, Format Version 12.00
# Visual Studio 14
VisualStudioVersion = 14.0.25123.0
MinimumVisualStudioVersion = 10.0.40219.1
Project("{FAE04EC0-301F-11D3-BF4B-00C04F79EFBC}") = "Luma.SmartHub.Plugins.Youtube", "Luma.SmartHub.Plugins.Youtube\Luma.SmartHub.Plugins.Youtube.csproj", "{FDAD4D02-7C72-4015-BCE3-4BF017F1CEE1}"
EndProject
Project("{2150E333-8FDC-42A3-9474-1A3956D46DE8}") = "Tests", "Tests", "{31161F4B-738E-46C3-B7F0-3E3A98439F08}"
EndProject
Project("{2150E333-8FDC-42A3-9474-1A3956D46DE8}") = ".build", ".build", "{ED1DCE5D-EC39-45F8-AFA7-0F442DEE5FAF}"
	ProjectSection(SolutionItems) = preProject
		..\build.ps1 = ..\build.ps1
	EndProjectSection
EndProject
Project("{2150E333-8FDC-42A3-9474-1A3956D46DE8}") = ".git", ".git", "{7B50BE19-7437-412B-9D75-629EDF2FCE27}"
	ProjectSection(SolutionItems) = preProject
		..\.gitignore = ..\.gitignore
	EndProjectSection
EndProject
Project("{FAE04EC0-301F-11D3-BF4B-00C04F79EFBC}") = "Luma.SmartHub.Plugins.Youtube.Tests", "Luma.SmartHub.Plugins.Youtube.Tests\Luma.SmartHub.Plugins.Youtube.Tests.csproj", "{12837995-BC63-4FBF-830E-D680F9B2D259}"
EndProject
Global
	GlobalSection(SolutionConfigurationPlatforms) = preSolution
		Debug|Any CPU = Debug|Any CPU
		Release|Any CPU = Release|Any CPU
	EndGlobalSection
	GlobalSection(ProjectConfigurationPlatforms) = postSolution
		{FDAD4D02-7C72-4015-BCE3-4BF017F1CEE1}.Debug|Any CPU.ActiveCfg = Debug|Any CPU
		{FDAD4D02-7C72-4015-BCE3-4BF017F1CEE1}.Debug|Any CPU.Build.0 = Debug|Any CPU
		{FDAD4D02-7C72-4015-BCE3-4BF017F1CEE1}.Release|Any CPU.ActiveCfg = Release|Any CPU
		{FDAD4D02-7C72-4015-BCE3-4BF017F1CEE1}.Release|Any CPU.Build.0 = Release|Any CPU
		{12837995-BC63-4FBF-830E-D680F9B2D259}.Debug|Any CPU.ActiveCfg = Debug|Any CPU
		{12837995-BC63-4FBF-830E-D680F9B2D259}.Debug|Any CPU.Build.0 = Debug|Any CPU
		{12837995-BC63-4FBF-830E-D680F9B2D259}.Release|Any CPU.ActiveCfg = Release|Any CPU
		{12837995-BC63-4FBF-830E-D680F9B2D259}.Release|Any CPU.Build.0 = Release|Any CPU
	EndGlobalSection
	GlobalSection(SolutionProperties) = preSolution
		HideSolutionNode = FALSE
	EndGlobalSection
	GlobalSection(NestedProjects) = preSolution
		{12837995-BC63-4FBF-830E-D680F9B2D259} = {31161F4B-738E-46C3-B7F0-3E3A98439F08}
	EndGlobalSection
EndGlobal
